// !$*UTF8*$!
{
	archiveVersion = 1;
	classes = {
	};
	objectVersion = 46;
	objects = {

/* Begin PBXBuildFile section */
		5D35612E1F186F1500896710 /* main.m in Sources */ = {isa = PBXBuildFile; fileRef = 5D35612D1F186F1500896710 /* main.m */; };
		5D3561311F186F1500896710 /* AppDelegate.m in Sources */ = {isa = PBXBuildFile; fileRef = 5D3561301F186F1500896710 /* AppDelegate.m */; };
		5D3561341F186F1500896710 /* ViewController.m in Sources */ = {isa = PBXBuildFile; fileRef = 5D3561331F186F1500896710 /* ViewController.m */; };
		5D3561371F186F1500896710 /* Main.storyboard in Resources */ = {isa = PBXBuildFile; fileRef = 5D3561351F186F1500896710 /* Main.storyboard */; };
		5D3561391F186F1600896710 /* Assets.xcassets in Resources */ = {isa = PBXBuildFile; fileRef = 5D3561381F186F1600896710 /* Assets.xcassets */; };
		5D35613C1F186F1600896710 /* LaunchScreen.storyboard in Resources */ = {isa = PBXBuildFile; fileRef = 5D35613A1F186F1600896710 /* LaunchScreen.storyboard */; };
/* End PBXBuildFile section */

/* Begin PBXFileReference section */
		5D3561291F186F1500896710 /* Semaphore.app */ = {isa = PBXFileReference; explicitFileType = wrapper.application; includeInIndex = 0; path = Semaphore.app; sourceTree = BUILT_PRODUCTS_DIR; };
		5D35612D1F186F1500896710 /* main.m */ = {isa = PBXFileReference; lastKnownFileType = sourcecode.c.objc; path = main.m; sourceTree = "<group>"; };
		5D35612F1F186F1500896710 /* AppDelegate.h */ = {isa = PBXFileReference; lastKnownFileType = sourcecode.c.h; path = AppDelegate.h; sourceTree = "<group>"; };
		5D3561301F186F1500896710 /* AppDelegate.m */ = {isa = PBXFileReference; lastKnownFileType = sourcecode.c.objc; path = AppDelegate.m; sourceTree = "<group>"; };
		5D3561321F186F1500896710 /* ViewController.h */ = {isa = PBXFileReference; lastKnownFileType = sourcecode.c.h; path = ViewController.h; sourceTree = "<group>"; };
		5D3561331F186F1500896710 /* ViewController.m */ = {isa = PBXFileReference; lastKnownFileType = sourcecode.c.objc; path = ViewController.m; sourceTree = "<group>"; };
		5D3561361F186F1500896710 /* Base */ = {isa = PBXFileReference; lastKnownFileType = file.storyboard; name = Base; path = Base.lproj/Main.storyboard; sourceTree = "<group>"; };
		5D3561381F186F1600896710 /* Assets.xcassets */ = {isa = PBXFileReference; lastKnownFileType = folder.assetcatalog; path = Assets.xcassets; sourceTree = "<group>"; };
		5D35613B1F186F1600896710 /* Base */ = {isa = PBXFileReference; lastKnownFileType = file.storyboard; name = Base; path = Base.lproj/LaunchScreen.storyboard; sourceTree = "<group>"; };
		5D35613D1F186F1600896710 /* Info.plist */ = {isa = PBXFileReference; lastKnownFileType = text.plist.xml; path = Info.plist; sourceTree = "<group>"; };
/* End PBXFileReference section */

/* Begin PBXFrameworksBuildPhase section */
		5D3561261F186F1500896710 /* Frameworks */ = {
			isa = PBXFrameworksBuildPhase;
			buildActionMask = 2147483647;
			files = (
			);
			runOnlyForDeploymentPostprocessing = 0;
		};
/* End PBXFrameworksBuildPhase section */

/* Begin PBXGroup section */
		5D3561201F186F1500896710 = {
			isa = PBXGroup;
			children = (
				5D35612B1F186F1500896710 /* Semaphore */,
				5D35612A1F186F1500896710 /* Products */,
			);
			sourceTree = "<group>";
		};
		5D35612A1F186F1500896710 /* Products */ = {
			isa = PBXGroup;
			children = (
				5D3561291F186F1500896710 /* Semaphore.app */,
			);
			name = Products;
			sourceTree = "<group>";
		};
		5D35612B1F186F1500896710 /* Semaphore */ = {
			isa = PBXGroup;
			children = (
				5D35612F1F186F1500896710 /* AppDelegate.h */,
				5D3561301F186F1500896710 /* AppDelegate.m */,
				5D3561321F186F1500896710 /* ViewController.h */,
				5D3561331F186F1500896710 /* ViewController.m */,
				5D3561351F186F1500896710 /* Main.storyboard */,
				5D3561381F186F1600896710 /* Assets.xcassets */,
				5D35613A1F186F1600896710 /* LaunchScreen.storyboard */,
				5D35613D1F186F1600896710 /* Info.plist */,
				5D35612C1F186F1500896710 /* Supporting Files */,
			);
			path = Semaphore;
			sourceTree = "<group>";
		};
		5D35612C1F186F1500896710 /* Supporting Files */ = {
			isa = PBXGroup;
			children = (
				5D35612D1F186F1500896710 /* main.m */,
			);
			name = "Supporting Files";
			sourceTree = "<group>";
		};
/* End PBXGroup section */

/* Begin PBXNativeTarget section */
		5D3561281F186F1500896710 /* Semaphore */ = {
			isa = PBXNativeTarget;
			buildConfigurationList = 5D3561401F186F1600896710 /* Build configuration list for PBXNativeTarget "Semaphore" */;
			buildPhases = (
				5D3561251F186F1500896710 /* Sources */,
				5D3561261F186F1500896710 /* Frameworks */,
				5D3561271F186F1500896710 /* Resources */,
			);
			buildRules = (
			);
			dependencies = (
			);
			name = Semaphore;
			productName = Semaphore;
			productReference = 5D3561291F186F1500896710 /* Semaphore.app */;
			productType = "com.apple.product-type.application";
		};
/* End PBXNativeTarget section */

/* Begin PBXProject section */
		5D3561211F186F1500896710 /* Project object */ = {
			isa = PBXProject;
			attributes = {
				LastUpgradeCheck = 0830;
				ORGANIZATIONNAME = zhangxing;
				TargetAttributes = {
					5D3561281F186F1500896710 = {
						CreatedOnToolsVersion = 8.3.3;
						ProvisioningStyle = Automatic;
					};
				};
			};
			buildConfigurationList = 5D3561241F186F1500896710 /* Build configuration list for PBXProject "Semaphore" */;
			compatibilityVersion = "Xcode 3.2";
			developmentRegion = English;
			hasScannedForEncodings = 0;
			knownRegions = (
				en,
				Base,
			);
			mainGroup = 5D3561201F186F1500896710;
			productRefGroup = 5D35612A1F186F1500896710 /* Products */;
			projectDirPath = "";
			projectRoot = "";
			targets = (
				5D3561281F186F1500896710 /* Semaphore */,
			);
		};
/* End PBXProject section */

/* Begin PBXResourcesBuildPhase section */
		5D3561271F186F1500896710 /* Resources */ = {
			isa = PBXResourcesBuildPhase;
			buildActionMask = 2147483647;
			files = (
				5D35613C1F186F1600896710 /* LaunchScreen.storyboard in Resources */,
				5D3561391F186F1600896710 /* Assets.xcassets in Resources */,
				5D3561371F186F1500896710 /* Main.storyboard in Resources */,
			);
			runOnlyForDeploymentPostprocessing = 0;
		};
/* End PBXResourcesBuildPhase section */

/* Begin PBXSourcesBuildPhase section */
		5D3561251F186F1500896710 /* Sources */ = {
			isa = PBXSourcesBuildPhase;
			buildActionMask = 2147483647;
			files = (
				5D3561341F186F1500896710 /* ViewController.m in Sources */,
				5D3561311F186F1500896710 /* AppDelegate.m in Sources */,
				5D35612E1F186F1500896710 /* main.m in Sources */,
			);
			runOnlyForDeploymentPostprocessing = 0;
		};
/* End PBXSourcesBuildPhase section */

/* Begin PBXVariantGroup section */
		5D3561351F186F1500896710 /* Main.storyboard */ = {
			isa = PBXVariantGroup;
			children = (
				5D3561361F186F1500896710 /* Base */,
			);
			name = Main.storyboard;
			sourceTree = "<group>";
		};
		5D35613A1F186F1600896710 /* LaunchScreen.storyboard */ = {
			isa = PBXVariantGroup;
			children = (
				5D35613B1F186F1600896710 /* Base */,
			);
			name = LaunchScreen.storyboard;
			sourceTree = "<group>";
		};
/* End PBXVariantGroup section */

/* Begin XCBuildConfiguration section */
		5D35613E1F186F1600896710 /* Debug */ = {
			isa = XCBuildConfiguration;
			buildSettings = {
				ALWAYS_SEARCH_USER_PATHS = NO;
				CLANG_ANALYZER_NONNULL = YES;
				CLANG_ANALYZER_NUMBER_OBJECT_CONVERSION = YES_AGGRESSIVE;
				CLANG_CXX_LANGUAGE_STANDARD = "gnu++0x";
				CLANG_CXX_LIBRARY = "libc++";
				CLANG_ENABLE_MODULES = YES;
				CLANG_ENABLE_OBJC_ARC = YES;
				CLANG_WARN_BOOL_CONVERSION = YES;
				CLANG_WARN_CONSTANT_CONVERSION = YES;
				CLANG_WARN_DIRECT_OBJC_ISA_USAGE = YES_ERROR;
				CLANG_WARN_DOCUMENTATION_COMMENTS = YES;
				CLANG_WARN_EMPTY_BODY = YES;
				CLANG_WARN_ENUM_CONVERSION = YES;
				CLANG_WARN_INFINITE_RECURSION = YES;
				CLANG_WARN_INT_CONVERSION = YES;
				CLANG_WARN_OBJC_ROOT_CLASS = YES_ERROR;
				CLANG_WARN_SUSPICIOUS_MOVE = YES;
				CLANG_WARN_UNREACHABLE_CODE = YES;
				CLANG_WARN__DUPLICATE_METHOD_MATCH = YES;
				"CODE_SIGN_IDENTITY[sdk=iphoneos*]" = "iPhone Developer";
				COPY_PHASE_STRIP = NO;
				DEBUG_INFORMATION_FORMAT = dwarf;
				ENABLE_STRICT_OBJC_MSGSEND = YES;
				ENABLE_TESTABILITY = YES;
				GCC_C_LANGUAGE_STANDARD = gnu99;
				GCC_DYNAMIC_NO_PIC = NO;
				GCC_NO_COMMON_BLOCKS = YES;
				GCC_OPTIMIZATION_LEVEL = 0;
				GCC_PREPROCESSOR_DEFINITIONS = (
					"DEBUG=1",
					"$(inherited)",
				);
				GCC_WARN_64_TO_32_BIT_CONVERSION = YES;
				GCC_WARN_ABOUT_RETURN_TYPE = YES_ERROR;
				GCC_WARN_UNDECLARED_SELECTOR = YES;
				GCC_WARN_UNINITIALIZED_AUTOS = YES_AGGRESSIVE;
				GCC_WARN_UNUSED_FUNCTION = YES;
				GCC_WARN_UNUSED_VARIABLE = YES;
				IPHONEOS_DEPLOYMENT_TARGET = 10.3;
				MTL_ENABLE_DEBUG_INFO = YES;
				ONLY_ACTIVE_ARCH = YES;
				SDKROOT = iphoneos;
			};
			name = Debug;
		};
		5D35613F1F186F1600896710 /* Release */ = {
			isa = XCBuildConfiguration;
			buildSettings = {
				ALWAYS_SEARCH_USER_PATHS = NO;
				CLANG_ANALYZER_NONNULL = YES;
				CLANG_ANALYZER_NUMBER_OBJECT_CONVERSION = YES_AGGRESSIVE;
				CLANG_CXX_LANGUAGE_STANDARD = "gnu++0x";
				CLANG_CXX_LIBRARY = "libc++";
				CLANG_ENABLE_MODULES = YES;
				CLANG_ENABLE_OBJC_ARC = YES;
				CLANG_WARN_BOOL_CONVERSION = YES;
				CLANG_WARN_CONSTANT_CONVERSION = YES;
				CLANG_WARN_DIRECT_OBJC_ISA_USAGE = YES_ERROR;
				CLANG_WARN_DOCUMENTATION_COMMENTS = YES;
				CLANG_WARN_EMPTY_BODY = YES;
				CLANG_WARN_ENUM_CONVERSION = YES;
				CLANG_WARN_INFINITE_RECURSION = YES;
				CLANG_WARN_INT_CONVERSION = YES;
				CLANG_WARN_OBJC_ROOT_CLASS = YES_ERROR;
				CLANG_WARN_SUSPICIOUS_MOVE = YES;
				CLANG_WARN_UNREACHABLE_CODE = YES;
				CLANG_WARN__DUPLICATE_METHOD_MATCH = YES;
				"CODE_SIGN_IDENTITY[sdk=iphoneos*]" = "iPhone Developer";
				COPY_PHASE_STRIP = NO;
				DEBUG_INFORMATION_FORMAT = "dwarf-with-dsym";
				ENABLE_NS_ASSERTIONS = NO;
				ENABLE_STRICT_OBJC_MSGSEND = YES;
				GCC_C_LANGUAGE_STANDARD = gnu99;
				GCC_NO_COMMON_BLOCKS = YES;
				GCC_WARN_64_TO_32_BIT_CONVERSION = YES;
				GCC_WARN_ABOUT_RETURN_TYPE = YES_ERROR;
				GCC_WARN_UNDECLARED_SELECTOR = YES;
				GCC_WARN_UNINITIALIZED_AUTOS = YES_AGGRESSIVE;
				GCC_WARN_UNUSED_FUNCTION = YES;
				GCC_WARN_UNUSED_VARIABLE = YES;
				IPHONEOS_DEPLOYMENT_TARGET = 10.3;
				MTL_ENABLE_DEBUG_INFO = NO;
				SDKROOT = iphoneos;
				VALIDATE_PRODUCT = YES;
			};
			name = Release;
		};
		5D3561411F186F1600896710 /* Debug */ = {
			isa = XCBuildConfiguration;
			buildSettings = {
				ASSETCATALOG_COMPILER_APPICON_NAME = AppIcon;
				INFOPLIST_FILE = Semaphore/Info.plist;
				LD_RUNPATH_SEARCH_PATHS = "$(inherited) @executable_path/Frameworks";
				PRODUCT_BUNDLE_IDENTIFIER = com.zhangxing.Semaphore;
				PRODUCT_NAME = "$(TARGET_NAME)";
			};
			name = Debug;
		};
		5D3561421F186F1600896710 /* Release */ = {
			isa = XCBuildConfiguration;
			buildSettings = {
				ASSETCATALOG_COMPILER_APPICON_NAME = AppIcon;
				INFOPLIST_FILE = Semaphore/Info.plist;
				LD_RUNPATH_SEARCH_PATHS = "$(inherited) @executable_path/Frameworks";
				PRODUCT_BUNDLE_IDENTIFIER = com.zhangxing.Semaphore;
				PRODUCT_NAME = "$(TARGET_NAME)";
			};
			name = Release;
		};
/* End XCBuildConfiguration section */

/* Begin XCConfigurationList section */
		5D3561241F186F1500896710 /* Build configuration list for PBXProject "Semaphore" */ = {
			isa = XCConfigurationList;
			buildConfigurations = (
				5D35613E1F186F1600896710 /* Debug */,
				5D35613F1F186F1600896710 /* Release */,
			);
			defaultConfigurationIsVisible = 0;
			defaultConfigurationName = Release;
		};
		5D3561401F186F1600896710 /* Build configuration list for PBXNativeTarget "Semaphore" */ = {
			isa = XCConfigurationList;
			buildConfigurations = (
				5D3561411F186F1600896710 /* Debug */,
				5D3561421F186F1600896710 /* Release */,
			);
			defaultConfigurationIsVisible = 0;
		};
/* End XCConfigurationList section */
	};
	rootObject = 5D3561211F186F1500896710 /* Project object */;
}
